
Microsoft Visual Studio Solution File, Format Version 12.00
# Visual Studio Version 17
VisualStudioVersion = 17.8.34330.188
MinimumVisualStudioVersion = 10.0.40219.1
Project("{FAE04EC0-301F-11D3-BF4B-00C04F79EFBC}") = "backend", "backend\backend.csproj", "{D8956C20-F6A8-4AC8-AF10-2E9E5B827A7A}"
EndProject
Global
	GlobalSection(SolutionConfigurationPlatforms) = preSolution
		Debug|Any CPU = Debug|Any CPU
		Release|Any CPU = Release|Any CPU
	EndGlobalSection
	GlobalSection(ProjectConfigurationPlatforms) = postSolution
		{D8956C20-F6A8-4AC8-AF10-2E9E5B827A7A}.Debug|Any CPU.ActiveCfg = Debug|Any CPU
		{D8956C20-F6A8-4AC8-AF10-2E9E5B827A7A}.Debug|Any CPU.Build.0 = Debug|Any CPU
		{D8956C20-F6A8-4AC8-AF10-2E9E5B827A7A}.Release|Any CPU.ActiveCfg = Release|Any CPU
		{D8956C20-F6A8-4AC8-AF10-2E9E5B827A7A}.Release|Any CPU.Build.0 = Release|Any CPU
	EndGlobalSection
	GlobalSection(SolutionProperties) = preSolution
		HideSolutionNode = FALSE
	EndGlobalSection
	GlobalSection(ExtensibilityGlobals) = postSolution
		SolutionGuid = {F92FACBB-E33B-414B-A16F-F3824E738DA6}
	EndGlobalSection
EndGlobal
